
Microsoft Visual Studio Solution File, Format Version 12.00
# Visual Studio Version 17
VisualStudioVersion = 17.13.35931.197 d17.13
MinimumVisualStudioVersion = 10.0.40219.1
Project("{FAE04EC0-301F-11D3-BF4B-00C04F79EFBC}") = "Graph", "Graph\Graph.csproj", "{339C7EC0-637C-4FBC-BAC1-21BF12E00027}"
EndProject
Global
	GlobalSection(SolutionConfigurationPlatforms) = preSolution
		Debug|Any CPU = Debug|Any CPU
		Release|Any CPU = Release|Any CPU
	EndGlobalSection
	GlobalSection(ProjectConfigurationPlatforms) = postSolution
		{339C7EC0-637C-4FBC-BAC1-21BF12E00027}.Debug|Any CPU.ActiveCfg = Debug|Any CPU
		{339C7EC0-637C-4FBC-BAC1-21BF12E00027}.Debug|Any CPU.Build.0 = Debug|Any CPU
		{339C7EC0-637C-4FBC-BAC1-21BF12E00027}.Release|Any CPU.ActiveCfg = Release|Any CPU
		{339C7EC0-637C-4FBC-BAC1-21BF12E00027}.Release|Any CPU.Build.0 = Release|Any CPU
	EndGlobalSection
	GlobalSection(SolutionProperties) = preSolution
		HideSolutionNode = FALSE
	EndGlobalSection
	GlobalSection(ExtensibilityGlobals) = postSolution
		SolutionGuid = {7063A1A9-8BFC-42C2-93B7-24C2FD255A6C}
	EndGlobalSection
EndGlobal
